
Microsoft Visual Studio Solution File, Format Version 12.00
# Visual Studio Version 17
VisualStudioVersion = 17.1.32407.343
MinimumVisualStudioVersion = 10.0.40219.1
Project("{FAE04EC0-301F-11D3-BF4B-00C04F79EFBC}") = "Connect_MySQL_BaiTap", "Connect_MySQL_BaiTap\Connect_MySQL_BaiTap.csproj", "{8CF9C065-E749-4749-9ACC-753EFAEA0FFA}"
EndProject
Global
	GlobalSection(SolutionConfigurationPlatforms) = preSolution
		Debug|Any CPU = Debug|Any CPU
		Release|Any CPU = Release|Any CPU
	EndGlobalSection
	GlobalSection(ProjectConfigurationPlatforms) = postSolution
		{8CF9C065-E749-4749-9ACC-753EFAEA0FFA}.Debug|Any CPU.ActiveCfg = Debug|Any CPU
		{8CF9C065-E749-4749-9ACC-753EFAEA0FFA}.Debug|Any CPU.Build.0 = Debug|Any CPU
		{8CF9C065-E749-4749-9ACC-753EFAEA0FFA}.Release|Any CPU.ActiveCfg = Release|Any CPU
		{8CF9C065-E749-4749-9ACC-753EFAEA0FFA}.Release|Any CPU.Build.0 = Release|Any CPU
	EndGlobalSection
	GlobalSection(SolutionProperties) = preSolution
		HideSolutionNode = FALSE
	EndGlobalSection
	GlobalSection(ExtensibilityGlobals) = postSolution
		SolutionGuid = {CCB0C959-E5E1-4F4B-8E77-271AA03D054C}
	EndGlobalSection
EndGlobal
