
Microsoft Visual Studio Solution File, Format Version 12.00
# Visual Studio Version 17
VisualStudioVersion = 17.1.32407.343
MinimumVisualStudioVersion = 10.0.40219.1
Project("{FAE04EC0-301F-11D3-BF4B-00C04F79EFBC}") = "DB_connection", "DB_connection\DB_connection.csproj", "{688C5B12-8E65-40A5-B168-C4F4337E724D}"
EndProject
Global
	GlobalSection(SolutionConfigurationPlatforms) = preSolution
		Debug|Any CPU = Debug|Any CPU
		Release|Any CPU = Release|Any CPU
	EndGlobalSection
	GlobalSection(ProjectConfigurationPlatforms) = postSolution
		{688C5B12-8E65-40A5-B168-C4F4337E724D}.Debug|Any CPU.ActiveCfg = Debug|Any CPU
		{688C5B12-8E65-40A5-B168-C4F4337E724D}.Debug|Any CPU.Build.0 = Debug|Any CPU
		{688C5B12-8E65-40A5-B168-C4F4337E724D}.Release|Any CPU.ActiveCfg = Release|Any CPU
		{688C5B12-8E65-40A5-B168-C4F4337E724D}.Release|Any CPU.Build.0 = Release|Any CPU
	EndGlobalSection
	GlobalSection(SolutionProperties) = preSolution
		HideSolutionNode = FALSE
	EndGlobalSection
	GlobalSection(ExtensibilityGlobals) = postSolution
		SolutionGuid = {C31A152C-E232-458F-9232-CBFF562211C4}
	EndGlobalSection
EndGlobal
